// !$*UTF8*$!
{
	archiveVersion = 1;
	classes = {
	};
	objectVersion = 55;
	objects = {

/* Begin PBXBuildFile section */
		7049A2BB29635F6700C0E72E /* GameBoyEmulatorApp.swift in Sources */ = {isa = PBXBuildFile; fileRef = 7049A2BA29635F6700C0E72E /* GameBoyEmulatorApp.swift */; };
		7049A2BD29635F6700C0E72E /* ContentView.swift in Sources */ = {isa = PBXBuildFile; fileRef = 7049A2BC29635F6700C0E72E /* ContentView.swift */; };
		7049A2BF29635F6800C0E72E /* Assets.xcassets in Resources */ = {isa = PBXBuildFile; fileRef = 7049A2BE29635F6800C0E72E /* Assets.xcassets */; };
		7049A2C229635F6800C0E72E /* Preview Assets.xcassets in Resources */ = {isa = PBXBuildFile; fileRef = 7049A2C129635F6800C0E72E /* Preview Assets.xcassets */; };
		7049A2C429635F6800C0E72E /* Persistence.swift in Sources */ = {isa = PBXBuildFile; fileRef = 7049A2C329635F6800C0E72E /* Persistence.swift */; };
		7049A2C729635F6800C0E72E /* GameBoyEmulator.xcdatamodeld in Sources */ = {isa = PBXBuildFile; fileRef = 7049A2C529635F6800C0E72E /* GameBoyEmulator.xcdatamodeld */; };
		7049A2D229635F6800C0E72E /* GameBoyEmulatorTests.swift in Sources */ = {isa = PBXBuildFile; fileRef = 7049A2D129635F6800C0E72E /* GameBoyEmulatorTests.swift */; };
		7049A2DC29635F6800C0E72E /* GameBoyEmulatorUITests.swift in Sources */ = {isa = PBXBuildFile; fileRef = 7049A2DB29635F6800C0E72E /* GameBoyEmulatorUITests.swift */; };
		7049A2DE29635F6800C0E72E /* GameBoyEmulatorUITestsLaunchTests.swift in Sources */ = {isa = PBXBuildFile; fileRef = 7049A2DD29635F6800C0E72E /* GameBoyEmulatorUITestsLaunchTests.swift */; };
/* End PBXBuildFile section */

/* Begin PBXContainerItemProxy section */
		7049A2CE29635F6800C0E72E /* PBXContainerItemProxy */ = {
			isa = PBXContainerItemProxy;
			containerPortal = 7049A2AF29635F6700C0E72E /* Project object */;
			proxyType = 1;
			remoteGlobalIDString = 7049A2B629635F6700C0E72E;
			remoteInfo = GameBoyEmulator;
		};
		7049A2D829635F6800C0E72E /* PBXContainerItemProxy */ = {
			isa = PBXContainerItemProxy;
			containerPortal = 7049A2AF29635F6700C0E72E /* Project object */;
			proxyType = 1;
			remoteGlobalIDString = 7049A2B629635F6700C0E72E;
			remoteInfo = GameBoyEmulator;
		};
/* End PBXContainerItemProxy section */

/* Begin PBXFileReference section */
		7049A2B729635F6700C0E72E /* GameBoyEmulator.app */ = {isa = PBXFileReference; explicitFileType = wrapper.application; includeInIndex = 0; path = GameBoyEmulator.app; sourceTree = BUILT_PRODUCTS_DIR; };
		7049A2BA29635F6700C0E72E /* GameBoyEmulatorApp.swift */ = {isa = PBXFileReference; lastKnownFileType = sourcecode.swift; path = GameBoyEmulatorApp.swift; sourceTree = "<group>"; };
		7049A2BC29635F6700C0E72E /* ContentView.swift */ = {isa = PBXFileReference; lastKnownFileType = sourcecode.swift; path = ContentView.swift; sourceTree = "<group>"; };
		7049A2BE29635F6800C0E72E /* Assets.xcassets */ = {isa = PBXFileReference; lastKnownFileType = folder.assetcatalog; path = Assets.xcassets; sourceTree = "<group>"; };
		7049A2C129635F6800C0E72E /* Preview Assets.xcassets */ = {isa = PBXFileReference; lastKnownFileType = folder.assetcatalog; path = "Preview Assets.xcassets"; sourceTree = "<group>"; };
		7049A2C329635F6800C0E72E /* Persistence.swift */ = {isa = PBXFileReference; lastKnownFileType = sourcecode.swift; path = Persistence.swift; sourceTree = "<group>"; };
		7049A2C629635F6800C0E72E /* GameBoyEmulator.xcdatamodel */ = {isa = PBXFileReference; lastKnownFileType = wrapper.xcdatamodel; path = GameBoyEmulator.xcdatamodel; sourceTree = "<group>"; };
		7049A2C829635F6800C0E72E /* GameBoyEmulator.entitlements */ = {isa = PBXFileReference; lastKnownFileType = text.plist.entitlements; path = GameBoyEmulator.entitlements; sourceTree = "<group>"; };
		7049A2CD29635F6800C0E72E /* GameBoyEmulatorTests.xctest */ = {isa = PBXFileReference; explicitFileType = wrapper.cfbundle; includeInIndex = 0; path = GameBoyEmulatorTests.xctest; sourceTree = BUILT_PRODUCTS_DIR; };
		7049A2D129635F6800C0E72E /* GameBoyEmulatorTests.swift */ = {isa = PBXFileReference; lastKnownFileType = sourcecode.swift; path = GameBoyEmulatorTests.swift; sourceTree = "<group>"; };
		7049A2D729635F6800C0E72E /* GameBoyEmulatorUITests.xctest */ = {isa = PBXFileReference; explicitFileType = wrapper.cfbundle; includeInIndex = 0; path = GameBoyEmulatorUITests.xctest; sourceTree = BUILT_PRODUCTS_DIR; };
		7049A2DB29635F6800C0E72E /* GameBoyEmulatorUITests.swift */ = {isa = PBXFileReference; lastKnownFileType = sourcecode.swift; path = GameBoyEmulatorUITests.swift; sourceTree = "<group>"; };
		7049A2DD29635F6800C0E72E /* GameBoyEmulatorUITestsLaunchTests.swift */ = {isa = PBXFileReference; lastKnownFileType = sourcecode.swift; path = GameBoyEmulatorUITestsLaunchTests.swift; sourceTree = "<group>"; };
/* End PBXFileReference section */

/* Begin PBXFrameworksBuildPhase section */
		7049A2B429635F6700C0E72E /* Frameworks */ = {
			isa = PBXFrameworksBuildPhase;
			buildActionMask = 2147483647;
			files = (
			);
			runOnlyForDeploymentPostprocessing = 0;
		};
		7049A2CA29635F6800C0E72E /* Frameworks */ = {
			isa = PBXFrameworksBuildPhase;
			buildActionMask = 2147483647;
			files = (
			);
			runOnlyForDeploymentPostprocessing = 0;
		};
		7049A2D429635F6800C0E72E /* Frameworks */ = {
			isa = PBXFrameworksBuildPhase;
			buildActionMask = 2147483647;
			files = (
			);
			runOnlyForDeploymentPostprocessing = 0;
		};
/* End PBXFrameworksBuildPhase section */

/* Begin PBXGroup section */
		7049A2AE29635F6700C0E72E = {
			isa = PBXGroup;
			children = (
				7049A2B929635F6700C0E72E /* GameBoyEmulator */,
				7049A2D029635F6800C0E72E /* GameBoyEmulatorTests */,
				7049A2DA29635F6800C0E72E /* GameBoyEmulatorUITests */,
				7049A2B829635F6700C0E72E /* Products */,
			);
			sourceTree = "<group>";
		};
		7049A2B829635F6700C0E72E /* Products */ = {
			isa = PBXGroup;
			children = (
				7049A2B729635F6700C0E72E /* GameBoyEmulator.app */,
				7049A2CD29635F6800C0E72E /* GameBoyEmulatorTests.xctest */,
				7049A2D729635F6800C0E72E /* GameBoyEmulatorUITests.xctest */,
			);
			name = Products;
			sourceTree = "<group>";
		};
		7049A2B929635F6700C0E72E /* GameBoyEmulator */ = {
			isa = PBXGroup;
			children = (
				7049A2BA29635F6700C0E72E /* GameBoyEmulatorApp.swift */,
				7049A2BC29635F6700C0E72E /* ContentView.swift */,
				7049A2BE29635F6800C0E72E /* Assets.xcassets */,
				7049A2C329635F6800C0E72E /* Persistence.swift */,
				7049A2C829635F6800C0E72E /* GameBoyEmulator.entitlements */,
				7049A2C529635F6800C0E72E /* GameBoyEmulator.xcdatamodeld */,
				7049A2C029635F6800C0E72E /* Preview Content */,
			);
			path = GameBoyEmulator;
			sourceTree = "<group>";
		};
		7049A2C029635F6800C0E72E /* Preview Content */ = {
			isa = PBXGroup;
			children = (
				7049A2C129635F6800C0E72E /* Preview Assets.xcassets */,
			);
			path = "Preview Content";
			sourceTree = "<group>";
		};
		7049A2D029635F6800C0E72E /* GameBoyEmulatorTests */ = {
			isa = PBXGroup;
			children = (
				7049A2D129635F6800C0E72E /* GameBoyEmulatorTests.swift */,
			);
			path = GameBoyEmulatorTests;
			sourceTree = "<group>";
		};
		7049A2DA29635F6800C0E72E /* GameBoyEmulatorUITests */ = {
			isa = PBXGroup;
			children = (
				7049A2DB29635F6800C0E72E /* GameBoyEmulatorUITests.swift */,
				7049A2DD29635F6800C0E72E /* GameBoyEmulatorUITestsLaunchTests.swift */,
			);
			path = GameBoyEmulatorUITests;
			sourceTree = "<group>";
		};
/* End PBXGroup section */

/* Begin PBXNativeTarget section */
		7049A2B629635F6700C0E72E /* GameBoyEmulator */ = {
			isa = PBXNativeTarget;
			buildConfigurationList = 7049A2E129635F6800C0E72E /* Build configuration list for PBXNativeTarget "GameBoyEmulator" */;
			buildPhases = (
				7049A2B329635F6700C0E72E /* Sources */,
				7049A2B429635F6700C0E72E /* Frameworks */,
				7049A2B529635F6700C0E72E /* Resources */,
			);
			buildRules = (
			);
			dependencies = (
			);
			name = GameBoyEmulator;
			productName = GameBoyEmulator;
			productReference = 7049A2B729635F6700C0E72E /* GameBoyEmulator.app */;
			productType = "com.apple.product-type.application";
		};
		7049A2CC29635F6800C0E72E /* GameBoyEmulatorTests */ = {
			isa = PBXNativeTarget;
			buildConfigurationList = 7049A2E429635F6800C0E72E /* Build configuration list for PBXNativeTarget "GameBoyEmulatorTests" */;
			buildPhases = (
				7049A2C929635F6800C0E72E /* Sources */,
				7049A2CA29635F6800C0E72E /* Frameworks */,
				7049A2CB29635F6800C0E72E /* Resources */,
			);
			buildRules = (
			);
			dependencies = (
				7049A2CF29635F6800C0E72E /* PBXTargetDependency */,
			);
			name = GameBoyEmulatorTests;
			productName = GameBoyEmulatorTests;
			productReference = 7049A2CD29635F6800C0E72E /* GameBoyEmulatorTests.xctest */;
			productType = "com.apple.product-type.bundle.unit-test";
		};
		7049A2D629635F6800C0E72E /* GameBoyEmulatorUITests */ = {
			isa = PBXNativeTarget;
			buildConfigurationList = 7049A2E729635F6800C0E72E /* Build configuration list for PBXNativeTarget "GameBoyEmulatorUITests" */;
			buildPhases = (
				7049A2D329635F6800C0E72E /* Sources */,
				7049A2D429635F6800C0E72E /* Frameworks */,
				7049A2D529635F6800C0E72E /* Resources */,
			);
			buildRules = (
			);
			dependencies = (
				7049A2D929635F6800C0E72E /* PBXTargetDependency */,
			);
			name = GameBoyEmulatorUITests;
			productName = GameBoyEmulatorUITests;
			productReference = 7049A2D729635F6800C0E72E /* GameBoyEmulatorUITests.xctest */;
			productType = "com.apple.product-type.bundle.ui-testing";
		};
/* End PBXNativeTarget section */

/* Begin PBXProject section */
		7049A2AF29635F6700C0E72E /* Project object */ = {
			isa = PBXProject;
			attributes = {
				BuildIndependentTargetsInParallel = 1;
				LastSwiftUpdateCheck = 1340;
				LastUpgradeCheck = 1340;
				TargetAttributes = {
					7049A2B629635F6700C0E72E = {
						CreatedOnToolsVersion = 13.4.1;
					};
					7049A2CC29635F6800C0E72E = {
						CreatedOnToolsVersion = 13.4.1;
						TestTargetID = 7049A2B629635F6700C0E72E;
					};
					7049A2D629635F6800C0E72E = {
						CreatedOnToolsVersion = 13.4.1;
						TestTargetID = 7049A2B629635F6700C0E72E;
					};
				};
			};
			buildConfigurationList = 7049A2B229635F6700C0E72E /* Build configuration list for PBXProject "GameBoyEmulator" */;
			compatibilityVersion = "Xcode 13.0";
			developmentRegion = en;
			hasScannedForEncodings = 0;
			knownRegions = (
				en,
				Base,
			);
			mainGroup = 7049A2AE29635F6700C0E72E;
			productRefGroup = 7049A2B829635F6700C0E72E /* Products */;
			projectDirPath = "";
			projectRoot = "";
			targets = (
				7049A2B629635F6700C0E72E /* GameBoyEmulator */,
				7049A2CC29635F6800C0E72E /* GameBoyEmulatorTests */,
				7049A2D629635F6800C0E72E /* GameBoyEmulatorUITests */,
			);
		};
/* End PBXProject section */

/* Begin PBXResourcesBuildPhase section */
		7049A2B529635F6700C0E72E /* Resources */ = {
			isa = PBXResourcesBuildPhase;
			buildActionMask = 2147483647;
			files = (
				7049A2C229635F6800C0E72E /* Preview Assets.xcassets in Resources */,
				7049A2BF29635F6800C0E72E /* Assets.xcassets in Resources */,
			);
			runOnlyForDeploymentPostprocessing = 0;
		};
		7049A2CB29635F6800C0E72E /* Resources */ = {
			isa = PBXResourcesBuildPhase;
			buildActionMask = 2147483647;
			files = (
			);
			runOnlyForDeploymentPostprocessing = 0;
		};
		7049A2D529635F6800C0E72E /* Resources */ = {
			isa = PBXResourcesBuildPhase;
			buildActionMask = 2147483647;
			files = (
			);
			runOnlyForDeploymentPostprocessing = 0;
		};
/* End PBXResourcesBuildPhase section */

/* Begin PBXSourcesBuildPhase section */
		7049A2B329635F6700C0E72E /* Sources */ = {
			isa = PBXSourcesBuildPhase;
			buildActionMask = 2147483647;
			files = (
				7049A2C429635F6800C0E72E /* Persistence.swift in Sources */,
				7049A2C729635F6800C0E72E /* GameBoyEmulator.xcdatamodeld in Sources */,
				7049A2BD29635F6700C0E72E /* ContentView.swift in Sources */,
				7049A2BB29635F6700C0E72E /* GameBoyEmulatorApp.swift in Sources */,
			);
			runOnlyForDeploymentPostprocessing = 0;
		};
		7049A2C929635F6800C0E72E /* Sources */ = {
			isa = PBXSourcesBuildPhase;
			buildActionMask = 2147483647;
			files = (
				7049A2D229635F6800C0E72E /* GameBoyEmulatorTests.swift in Sources */,
			);
			runOnlyForDeploymentPostprocessing = 0;
		};
		7049A2D329635F6800C0E72E /* Sources */ = {
			isa = PBXSourcesBuildPhase;
			buildActionMask = 2147483647;
			files = (
				7049A2DE29635F6800C0E72E /* GameBoyEmulatorUITestsLaunchTests.swift in Sources */,
				7049A2DC29635F6800C0E72E /* GameBoyEmulatorUITests.swift in Sources */,
			);
			runOnlyForDeploymentPostprocessing = 0;
		};
/* End PBXSourcesBuildPhase section */

/* Begin PBXTargetDependency section */
		7049A2CF29635F6800C0E72E /* PBXTargetDependency */ = {
			isa = PBXTargetDependency;
			target = 7049A2B629635F6700C0E72E /* GameBoyEmulator */;
			targetProxy = 7049A2CE29635F6800C0E72E /* PBXContainerItemProxy */;
		};
		7049A2D929635F6800C0E72E /* PBXTargetDependency */ = {
			isa = PBXTargetDependency;
			target = 7049A2B629635F6700C0E72E /* GameBoyEmulator */;
			targetProxy = 7049A2D829635F6800C0E72E /* PBXContainerItemProxy */;
		};
/* End PBXTargetDependency section */

/* Begin XCBuildConfiguration section */
		7049A2DF29635F6800C0E72E /* Debug */ = {
			isa = XCBuildConfiguration;
			buildSettings = {
				ALWAYS_SEARCH_USER_PATHS = NO;
				CLANG_ANALYZER_NONNULL = YES;
				CLANG_ANALYZER_NUMBER_OBJECT_CONVERSION = YES_AGGRESSIVE;
				CLANG_CXX_LANGUAGE_STANDARD = "gnu++17";
				CLANG_ENABLE_MODULES = YES;
				CLANG_ENABLE_OBJC_ARC = YES;
				CLANG_ENABLE_OBJC_WEAK = YES;
				CLANG_WARN_BLOCK_CAPTURE_AUTORELEASING = YES;
				CLANG_WARN_BOOL_CONVERSION = YES;
				CLANG_WARN_COMMA = YES;
				CLANG_WARN_CONSTANT_CONVERSION = YES;
				CLANG_WARN_DEPRECATED_OBJC_IMPLEMENTATIONS = YES;
				CLANG_WARN_DIRECT_OBJC_ISA_USAGE = YES_ERROR;
				CLANG_WARN_DOCUMENTATION_COMMENTS = YES;
				CLANG_WARN_EMPTY_BODY = YES;
				CLANG_WARN_ENUM_CONVERSION = YES;
				CLANG_WARN_INFINITE_RECURSION = YES;
				CLANG_WARN_INT_CONVERSION = YES;
				CLANG_WARN_NON_LITERAL_NULL_CONVERSION = YES;
				CLANG_WARN_OBJC_IMPLICIT_RETAIN_SELF = YES;
				CLANG_WARN_OBJC_LITERAL_CONVERSION = YES;
				CLANG_WARN_OBJC_ROOT_CLASS = YES_ERROR;
				CLANG_WARN_QUOTED_INCLUDE_IN_FRAMEWORK_HEADER = YES;
				CLANG_WARN_RANGE_LOOP_ANALYSIS = YES;
				CLANG_WARN_STRICT_PROTOTYPES = YES;
				CLANG_WARN_SUSPICIOUS_MOVE = YES;
				CLANG_WARN_UNGUARDED_AVAILABILITY = YES_AGGRESSIVE;
				CLANG_WARN_UNREACHABLE_CODE = YES;
				CLANG_WARN__DUPLICATE_METHOD_MATCH = YES;
				COPY_PHASE_STRIP = NO;
				DEBUG_INFORMATION_FORMAT = dwarf;
				ENABLE_STRICT_OBJC_MSGSEND = YES;
				ENABLE_TESTABILITY = YES;
				GCC_C_LANGUAGE_STANDARD = gnu11;
				GCC_DYNAMIC_NO_PIC = NO;
				GCC_NO_COMMON_BLOCKS = YES;
				GCC_OPTIMIZATION_LEVEL = 0;
				GCC_PREPROCESSOR_DEFINITIONS = (
					"DEBUG=1",
					"$(inherited)",
				);
				GCC_WARN_64_TO_32_BIT_CONVERSION = YES;
				GCC_WARN_ABOUT_RETURN_TYPE = YES_ERROR;
				GCC_WARN_UNDECLARED_SELECTOR = YES;
				GCC_WARN_UNINITIALIZED_AUTOS = YES_AGGRESSIVE;
				GCC_WARN_UNUSED_FUNCTION = YES;
				GCC_WARN_UNUSED_VARIABLE = YES;
				MACOSX_DEPLOYMENT_TARGET = 12.3;
				MTL_ENABLE_DEBUG_INFO = INCLUDE_SOURCE;
				MTL_FAST_MATH = YES;
				ONLY_ACTIVE_ARCH = YES;
				SDKROOT = macosx;
				SWIFT_ACTIVE_COMPILATION_CONDITIONS = DEBUG;
				SWIFT_OPTIMIZATION_LEVEL = "-Onone";
			};
			name = Debug;
		};
		7049A2E029635F6800C0E72E /* Release */ = {
			isa = XCBuildConfiguration;
			buildSettings = {
				ALWAYS_SEARCH_USER_PATHS = NO;
				CLANG_ANALYZER_NONNULL = YES;
				CLANG_ANALYZER_NUMBER_OBJECT_CONVERSION = YES_AGGRESSIVE;
				CLANG_CXX_LANGUAGE_STANDARD = "gnu++17";
				CLANG_ENABLE_MODULES = YES;
				CLANG_ENABLE_OBJC_ARC = YES;
				CLANG_ENABLE_OBJC_WEAK = YES;
				CLANG_WARN_BLOCK_CAPTURE_AUTORELEASING = YES;
				CLANG_WARN_BOOL_CONVERSION = YES;
				CLANG_WARN_COMMA = YES;
				CLANG_WARN_CONSTANT_CONVERSION = YES;
				CLANG_WARN_DEPRECATED_OBJC_IMPLEMENTATIONS = YES;
				CLANG_WARN_DIRECT_OBJC_ISA_USAGE = YES_ERROR;
				CLANG_WARN_DOCUMENTATION_COMMENTS = YES;
				CLANG_WARN_EMPTY_BODY = YES;
				CLANG_WARN_ENUM_CONVERSION = YES;
				CLANG_WARN_INFINITE_RECURSION = YES;
				CLANG_WARN_INT_CONVERSION = YES;
				CLANG_WARN_NON_LITERAL_NULL_CONVERSION = YES;
				CLANG_WARN_OBJC_IMPLICIT_RETAIN_SELF = YES;
				CLANG_WARN_OBJC_LITERAL_CONVERSION = YES;
				CLANG_WARN_OBJC_ROOT_CLASS = YES_ERROR;
				CLANG_WARN_QUOTED_INCLUDE_IN_FRAMEWORK_HEADER = YES;
				CLANG_WARN_RANGE_LOOP_ANALYSIS = YES;
				CLANG_WARN_STRICT_PROTOTYPES = YES;
				CLANG_WARN_SUSPICIOUS_MOVE = YES;
				CLANG_WARN_UNGUARDED_AVAILABILITY = YES_AGGRESSIVE;
				CLANG_WARN_UNREACHABLE_CODE = YES;
				CLANG_WARN__DUPLICATE_METHOD_MATCH = YES;
				COPY_PHASE_STRIP = NO;
				DEBUG_INFORMATION_FORMAT = "dwarf-with-dsym";
				ENABLE_NS_ASSERTIONS = NO;
				ENABLE_STRICT_OBJC_MSGSEND = YES;
				GCC_C_LANGUAGE_STANDARD = gnu11;
				GCC_NO_COMMON_BLOCKS = YES;
				GCC_WARN_64_TO_32_BIT_CONVERSION = YES;
				GCC_WARN_ABOUT_RETURN_TYPE = YES_ERROR;
				GCC_WARN_UNDECLARED_SELECTOR = YES;
				GCC_WARN_UNINITIALIZED_AUTOS = YES_AGGRESSIVE;
				GCC_WARN_UNUSED_FUNCTION = YES;
				GCC_WARN_UNUSED_VARIABLE = YES;
				MACOSX_DEPLOYMENT_TARGET = 12.3;
				MTL_ENABLE_DEBUG_INFO = NO;
				MTL_FAST_MATH = YES;
				SDKROOT = macosx;
				SWIFT_COMPILATION_MODE = wholemodule;
				SWIFT_OPTIMIZATION_LEVEL = "-O";
			};
			name = Release;
		};
		7049A2E229635F6800C0E72E /* Debug */ = {
			isa = XCBuildConfiguration;
			buildSettings = {
				ASSETCATALOG_COMPILER_APPICON_NAME = AppIcon;
				ASSETCATALOG_COMPILER_GLOBAL_ACCENT_COLOR_NAME = AccentColor;
				CODE_SIGN_ENTITLEMENTS = GameBoyEmulator/GameBoyEmulator.entitlements;
				CODE_SIGN_STYLE = Automatic;
				COMBINE_HIDPI_IMAGES = YES;
				CURRENT_PROJECT_VERSION = 1;
				DEVELOPMENT_ASSET_PATHS = "\"GameBoyEmulator/Preview Content\"";
				DEVELOPMENT_TEAM = 565LJJWFPG;
				ENABLE_HARDENED_RUNTIME = YES;
				ENABLE_PREVIEWS = YES;
				GENERATE_INFOPLIST_FILE = YES;
				INFOPLIST_KEY_NSHumanReadableCopyright = "";
				LD_RUNPATH_SEARCH_PATHS = (
					"$(inherited)",
					"@executable_path/../Frameworks",
				);
				MARKETING_VERSION = 1.0;
				PRODUCT_BUNDLE_IDENTIFIER = frank.GameBoyEmulator;
				PRODUCT_NAME = "$(TARGET_NAME)";
				SWIFT_EMIT_LOC_STRINGS = YES;
				SWIFT_VERSION = 5.0;
			};
			name = Debug;
		};
		7049A2E329635F6800C0E72E /* Release */ = {
			isa = XCBuildConfiguration;
			buildSettings = {
				ASSETCATALOG_COMPILER_APPICON_NAME = AppIcon;
				ASSETCATALOG_COMPILER_GLOBAL_ACCENT_COLOR_NAME = AccentColor;
				CODE_SIGN_ENTITLEMENTS = GameBoyEmulator/GameBoyEmulator.entitlements;
				CODE_SIGN_STYLE = Automatic;
				COMBINE_HIDPI_IMAGES = YES;
				CURRENT_PROJECT_VERSION = 1;
				DEVELOPMENT_ASSET_PATHS = "\"GameBoyEmulator/Preview Content\"";
				DEVELOPMENT_TEAM = 565LJJWFPG;
				ENABLE_HARDENED_RUNTIME = YES;
				ENABLE_PREVIEWS = YES;
				GENERATE_INFOPLIST_FILE = YES;
				INFOPLIST_KEY_NSHumanReadableCopyright = "";
				LD_RUNPATH_SEARCH_PATHS = (
					"$(inherited)",
					"@executable_path/../Frameworks",
				);
				MARKETING_VERSION = 1.0;
				PRODUCT_BUNDLE_IDENTIFIER = frank.GameBoyEmulator;
				PRODUCT_NAME = "$(TARGET_NAME)";
				SWIFT_EMIT_LOC_STRINGS = YES;
				SWIFT_VERSION = 5.0;
			};
			name = Release;
		};
		7049A2E529635F6800C0E72E /* Debug */ = {
			isa = XCBuildConfiguration;
			buildSettings = {
				ALWAYS_EMBED_SWIFT_STANDARD_LIBRARIES = YES;
				BUNDLE_LOADER = "$(TEST_HOST)";
				CODE_SIGN_STYLE = Automatic;
				CURRENT_PROJECT_VERSION = 1;
				DEVELOPMENT_TEAM = 565LJJWFPG;
				GENERATE_INFOPLIST_FILE = YES;
				MACOSX_DEPLOYMENT_TARGET = 12.3;
				MARKETING_VERSION = 1.0;
				PRODUCT_BUNDLE_IDENTIFIER = frank.GameBoyEmulatorTests;
				PRODUCT_NAME = "$(TARGET_NAME)";
				SWIFT_EMIT_LOC_STRINGS = NO;
				SWIFT_VERSION = 5.0;
				TEST_HOST = "$(BUILT_PRODUCTS_DIR)/GameBoyEmulator.app/Contents/MacOS/GameBoyEmulator";
			};
			name = Debug;
		};
		7049A2E629635F6800C0E72E /* Release */ = {
			isa = XCBuildConfiguration;
			buildSettings = {
				ALWAYS_EMBED_SWIFT_STANDARD_LIBRARIES = YES;
				BUNDLE_LOADER = "$(TEST_HOST)";
				CODE_SIGN_STYLE = Automatic;
				CURRENT_PROJECT_VERSION = 1;
				DEVELOPMENT_TEAM = 565LJJWFPG;
				GENERATE_INFOPLIST_FILE = YES;
				MACOSX_DEPLOYMENT_TARGET = 12.3;
				MARKETING_VERSION = 1.0;
				PRODUCT_BUNDLE_IDENTIFIER = frank.GameBoyEmulatorTests;
				PRODUCT_NAME = "$(TARGET_NAME)";
				SWIFT_EMIT_LOC_STRINGS = NO;
				SWIFT_VERSION = 5.0;
				TEST_HOST = "$(BUILT_PRODUCTS_DIR)/GameBoyEmulator.app/Contents/MacOS/GameBoyEmulator";
			};
			name = Release;
		};
		7049A2E829635F6800C0E72E /* Debug */ = {
			isa = XCBuildConfiguration;
			buildSettings = {
				ALWAYS_EMBED_SWIFT_STANDARD_LIBRARIES = YES;
				CODE_SIGN_STYLE = Automatic;
				CURRENT_PROJECT_VERSION = 1;
				DEVELOPMENT_TEAM = 565LJJWFPG;
				GENERATE_INFOPLIST_FILE = YES;
				MARKETING_VERSION = 1.0;
				PRODUCT_BUNDLE_IDENTIFIER = frank.GameBoyEmulatorUITests;
				PRODUCT_NAME = "$(TARGET_NAME)";
				SWIFT_EMIT_LOC_STRINGS = NO;
				SWIFT_VERSION = 5.0;
				TEST_TARGET_NAME = GameBoyEmulator;
			};
			name = Debug;
		};
		7049A2E929635F6800C0E72E /* Release */ = {
			isa = XCBuildConfiguration;
			buildSettings = {
				ALWAYS_EMBED_SWIFT_STANDARD_LIBRARIES = YES;
				CODE_SIGN_STYLE = Automatic;
				CURRENT_PROJECT_VERSION = 1;
				DEVELOPMENT_TEAM = 565LJJWFPG;
				GENERATE_INFOPLIST_FILE = YES;
				MARKETING_VERSION = 1.0;
				PRODUCT_BUNDLE_IDENTIFIER = frank.GameBoyEmulatorUITests;
				PRODUCT_NAME = "$(TARGET_NAME)";
				SWIFT_EMIT_LOC_STRINGS = NO;
				SWIFT_VERSION = 5.0;
				TEST_TARGET_NAME = GameBoyEmulator;
			};
			name = Release;
		};
/* End XCBuildConfiguration section */

/* Begin XCConfigurationList section */
		7049A2B229635F6700C0E72E /* Build configuration list for PBXProject "GameBoyEmulator" */ = {
			isa = XCConfigurationList;
			buildConfigurations = (
				7049A2DF29635F6800C0E72E /* Debug */,
				7049A2E029635F6800C0E72E /* Release */,
			);
			defaultConfigurationIsVisible = 0;
			defaultConfigurationName = Release;
		};
		7049A2E129635F6800C0E72E /* Build configuration list for PBXNativeTarget "GameBoyEmulator" */ = {
			isa = XCConfigurationList;
			buildConfigurations = (
				7049A2E229635F6800C0E72E /* Debug */,
				7049A2E329635F6800C0E72E /* Release */,
			);
			defaultConfigurationIsVisible = 0;
			defaultConfigurationName = Release;
		};
		7049A2E429635F6800C0E72E /* Build configuration list for PBXNativeTarget "GameBoyEmulatorTests" */ = {
			isa = XCConfigurationList;
			buildConfigurations = (
				7049A2E529635F6800C0E72E /* Debug */,
				7049A2E629635F6800C0E72E /* Release */,
			);
			defaultConfigurationIsVisible = 0;
			defaultConfigurationName = Release;
		};
		7049A2E729635F6800C0E72E /* Build configuration list for PBXNativeTarget "GameBoyEmulatorUITests" */ = {
			isa = XCConfigurationList;
			buildConfigurations = (
				7049A2E829635F6800C0E72E /* Debug */,
				7049A2E929635F6800C0E72E /* Release */,
			);
			defaultConfigurationIsVisible = 0;
			defaultConfigurationName = Release;
		};
/* End XCConfigurationList section */

/* Begin XCVersionGroup section */
		7049A2C529635F6800C0E72E /* GameBoyEmulator.xcdatamodeld */ = {
			isa = XCVersionGroup;
			children = (
				7049A2C629635F6800C0E72E /* GameBoyEmulator.xcdatamodel */,
			);
			currentVersion = 7049A2C629635F6800C0E72E /* GameBoyEmulator.xcdatamodel */;
			path = GameBoyEmulator.xcdatamodeld;
			sourceTree = "<group>";
			versionGroupType = wrapper.xcdatamodel;
		};
/* End XCVersionGroup section */
	};
	rootObject = 7049A2AF29635F6700C0E72E /* Project object */;
}
