// !$*UTF8*$!
{
	archiveVersion = 1;
	classes = {
	};
	objectVersion = 55;
	objects = {

/* Begin PBXBuildFile section */
		70597C2129A46FD10021DFBB /* Scraps.rtf in Resources */ = {isa = PBXBuildFile; fileRef = 70597C2029A46FD10021DFBB /* Scraps.rtf */; };
		70B8ECB92973EFB50008F372 /* Cartridge.swift in Sources */ = {isa = PBXBuildFile; fileRef = 70B8ECAF2973EFB50008F372 /* Cartridge.swift */; };
		70B8ECBA2973EFB50008F372 /* Instructions.swift in Sources */ = {isa = PBXBuildFile; fileRef = 70B8ECB02973EFB50008F372 /* Instructions.swift */; };
		70B8ECBC2973EFB50008F372 /* Bus.swift in Sources */ = {isa = PBXBuildFile; fileRef = 70B8ECB22973EFB50008F372 /* Bus.swift */; };
		70B8ECBD2973EFB50008F372 /* Emulator.swift in Sources */ = {isa = PBXBuildFile; fileRef = 70B8ECB32973EFB50008F372 /* Emulator.swift */; };
		70B8ECBE2973EFB50008F372 /* CPU.swift in Sources */ = {isa = PBXBuildFile; fileRef = 70B8ECB62973EFB50008F372 /* CPU.swift */; };
		70D21AA42973EC2800089719 /* AppDelegate.swift in Sources */ = {isa = PBXBuildFile; fileRef = 70D21AA32973EC2800089719 /* AppDelegate.swift */; };
		70D21AA62973EC2800089719 /* GameScene.sks in Resources */ = {isa = PBXBuildFile; fileRef = 70D21AA52973EC2800089719 /* GameScene.sks */; };
		70D21AA82973EC2800089719 /* Actions.sks in Resources */ = {isa = PBXBuildFile; fileRef = 70D21AA72973EC2800089719 /* Actions.sks */; };
		70D21AAA2973EC2800089719 /* GameScene.swift in Sources */ = {isa = PBXBuildFile; fileRef = 70D21AA92973EC2800089719 /* GameScene.swift */; };
		70D21AAC2973EC2800089719 /* ViewController.swift in Sources */ = {isa = PBXBuildFile; fileRef = 70D21AAB2973EC2800089719 /* ViewController.swift */; };
		70D21AAE2973EC2800089719 /* Assets.xcassets in Resources */ = {isa = PBXBuildFile; fileRef = 70D21AAD2973EC2800089719 /* Assets.xcassets */; };
		70D21AB12973EC2800089719 /* Main.storyboard in Resources */ = {isa = PBXBuildFile; fileRef = 70D21AAF2973EC2800089719 /* Main.storyboard */; };
		70D21ABC2973EC2800089719 /* GameBoyEmulatorSeniorProjectTests.swift in Sources */ = {isa = PBXBuildFile; fileRef = 70D21ABB2973EC2800089719 /* GameBoyEmulatorSeniorProjectTests.swift */; };
		70D21AC62973EC2800089719 /* GameBoyEmulatorSeniorProjectUITests.swift in Sources */ = {isa = PBXBuildFile; fileRef = 70D21AC52973EC2800089719 /* GameBoyEmulatorSeniorProjectUITests.swift */; };
		70D21AC82973EC2800089719 /* GameBoyEmulatorSeniorProjectUITestsLaunchTests.swift in Sources */ = {isa = PBXBuildFile; fileRef = 70D21AC72973EC2800089719 /* GameBoyEmulatorSeniorProjectUITestsLaunchTests.swift */; };
/* End PBXBuildFile section */

/* Begin PBXContainerItemProxy section */
		70D21AB82973EC2800089719 /* PBXContainerItemProxy */ = {
			isa = PBXContainerItemProxy;
			containerPortal = 70D21A982973EC2800089719 /* Project object */;
			proxyType = 1;
			remoteGlobalIDString = 70D21A9F2973EC2800089719;
			remoteInfo = GameBoyEmulatorSeniorProject;
		};
		70D21AC22973EC2800089719 /* PBXContainerItemProxy */ = {
			isa = PBXContainerItemProxy;
			containerPortal = 70D21A982973EC2800089719 /* Project object */;
			proxyType = 1;
			remoteGlobalIDString = 70D21A9F2973EC2800089719;
			remoteInfo = GameBoyEmulatorSeniorProject;
		};
/* End PBXContainerItemProxy section */

/* Begin PBXFileReference section */
		70597C2029A46FD10021DFBB /* Scraps.rtf */ = {isa = PBXFileReference; lastKnownFileType = text.rtf; path = Scraps.rtf; sourceTree = "<group>"; };
		70B8ECAF2973EFB50008F372 /* Cartridge.swift */ = {isa = PBXFileReference; fileEncoding = 4; lastKnownFileType = sourcecode.swift; path = Cartridge.swift; sourceTree = "<group>"; };
		70B8ECB02973EFB50008F372 /* Instructions.swift */ = {isa = PBXFileReference; fileEncoding = 4; lastKnownFileType = sourcecode.swift; path = Instructions.swift; sourceTree = "<group>"; };
		70B8ECB22973EFB50008F372 /* Bus.swift */ = {isa = PBXFileReference; fileEncoding = 4; lastKnownFileType = sourcecode.swift; path = Bus.swift; sourceTree = "<group>"; };
		70B8ECB32973EFB50008F372 /* Emulator.swift */ = {isa = PBXFileReference; fileEncoding = 4; lastKnownFileType = sourcecode.swift; path = Emulator.swift; sourceTree = "<group>"; };
		70B8ECB62973EFB50008F372 /* CPU.swift */ = {isa = PBXFileReference; fileEncoding = 4; lastKnownFileType = sourcecode.swift; path = CPU.swift; sourceTree = "<group>"; };
		70D21AA02973EC2800089719 /* GameBoyEmulatorSeniorProject.app */ = {isa = PBXFileReference; explicitFileType = wrapper.application; includeInIndex = 0; path = GameBoyEmulatorSeniorProject.app; sourceTree = BUILT_PRODUCTS_DIR; };
		70D21AA32973EC2800089719 /* AppDelegate.swift */ = {isa = PBXFileReference; lastKnownFileType = sourcecode.swift; path = AppDelegate.swift; sourceTree = "<group>"; };
		70D21AA52973EC2800089719 /* GameScene.sks */ = {isa = PBXFileReference; lastKnownFileType = file.sks; path = GameScene.sks; sourceTree = "<group>"; };
		70D21AA72973EC2800089719 /* Actions.sks */ = {isa = PBXFileReference; lastKnownFileType = file.sks; path = Actions.sks; sourceTree = "<group>"; };
		70D21AA92973EC2800089719 /* GameScene.swift */ = {isa = PBXFileReference; lastKnownFileType = sourcecode.swift; path = GameScene.swift; sourceTree = "<group>"; };
		70D21AAB2973EC2800089719 /* ViewController.swift */ = {isa = PBXFileReference; lastKnownFileType = sourcecode.swift; path = ViewController.swift; sourceTree = "<group>"; };
		70D21AAD2973EC2800089719 /* Assets.xcassets */ = {isa = PBXFileReference; lastKnownFileType = folder.assetcatalog; path = Assets.xcassets; sourceTree = "<group>"; };
		70D21AB02973EC2800089719 /* Base */ = {isa = PBXFileReference; lastKnownFileType = file.storyboard; name = Base; path = Base.lproj/Main.storyboard; sourceTree = "<group>"; };
		70D21AB22973EC2800089719 /* GameBoyEmulatorSeniorProject.entitlements */ = {isa = PBXFileReference; lastKnownFileType = text.plist.entitlements; path = GameBoyEmulatorSeniorProject.entitlements; sourceTree = "<group>"; };
		70D21AB72973EC2800089719 /* GameBoyEmulatorSeniorProjectTests.xctest */ = {isa = PBXFileReference; explicitFileType = wrapper.cfbundle; includeInIndex = 0; path = GameBoyEmulatorSeniorProjectTests.xctest; sourceTree = BUILT_PRODUCTS_DIR; };
		70D21ABB2973EC2800089719 /* GameBoyEmulatorSeniorProjectTests.swift */ = {isa = PBXFileReference; lastKnownFileType = sourcecode.swift; path = GameBoyEmulatorSeniorProjectTests.swift; sourceTree = "<group>"; };
		70D21AC12973EC2800089719 /* GameBoyEmulatorSeniorProjectUITests.xctest */ = {isa = PBXFileReference; explicitFileType = wrapper.cfbundle; includeInIndex = 0; path = GameBoyEmulatorSeniorProjectUITests.xctest; sourceTree = BUILT_PRODUCTS_DIR; };
		70D21AC52973EC2800089719 /* GameBoyEmulatorSeniorProjectUITests.swift */ = {isa = PBXFileReference; lastKnownFileType = sourcecode.swift; path = GameBoyEmulatorSeniorProjectUITests.swift; sourceTree = "<group>"; };
		70D21AC72973EC2800089719 /* GameBoyEmulatorSeniorProjectUITestsLaunchTests.swift */ = {isa = PBXFileReference; lastKnownFileType = sourcecode.swift; path = GameBoyEmulatorSeniorProjectUITestsLaunchTests.swift; sourceTree = "<group>"; };
/* End PBXFileReference section */

/* Begin PBXFrameworksBuildPhase section */
		70D21A9D2973EC2800089719 /* Frameworks */ = {
			isa = PBXFrameworksBuildPhase;
			buildActionMask = 2147483647;
			files = (
			);
			runOnlyForDeploymentPostprocessing = 0;
		};
		70D21AB42973EC2800089719 /* Frameworks */ = {
			isa = PBXFrameworksBuildPhase;
			buildActionMask = 2147483647;
			files = (
			);
			runOnlyForDeploymentPostprocessing = 0;
		};
		70D21ABE2973EC2800089719 /* Frameworks */ = {
			isa = PBXFrameworksBuildPhase;
			buildActionMask = 2147483647;
			files = (
			);
			runOnlyForDeploymentPostprocessing = 0;
		};
/* End PBXFrameworksBuildPhase section */

/* Begin PBXGroup section */
		70B8ECAD2973EFB50008F372 /* Emulator */ = {
			isa = PBXGroup;
			children = (
				70B8ECAF2973EFB50008F372 /* Cartridge.swift */,
				70597C2029A46FD10021DFBB /* Scraps.rtf */,
				70B8ECB02973EFB50008F372 /* Instructions.swift */,
				70B8ECB22973EFB50008F372 /* Bus.swift */,
				70B8ECB32973EFB50008F372 /* Emulator.swift */,
				70B8ECB62973EFB50008F372 /* CPU.swift */,
			);
			path = Emulator;
			sourceTree = "<group>";
		};
		70D21A972973EC2800089719 = {
			isa = PBXGroup;
			children = (
				70D21AA22973EC2800089719 /* GameBoyEmulatorSeniorProject */,
				70D21ABA2973EC2800089719 /* GameBoyEmulatorSeniorProjectTests */,
				70D21AC42973EC2800089719 /* GameBoyEmulatorSeniorProjectUITests */,
				70D21AA12973EC2800089719 /* Products */,
			);
			sourceTree = "<group>";
		};
		70D21AA12973EC2800089719 /* Products */ = {
			isa = PBXGroup;
			children = (
				70D21AA02973EC2800089719 /* GameBoyEmulatorSeniorProject.app */,
				70D21AB72973EC2800089719 /* GameBoyEmulatorSeniorProjectTests.xctest */,
				70D21AC12973EC2800089719 /* GameBoyEmulatorSeniorProjectUITests.xctest */,
			);
			name = Products;
			sourceTree = "<group>";
		};
		70D21AA22973EC2800089719 /* GameBoyEmulatorSeniorProject */ = {
			isa = PBXGroup;
			children = (
				70B8ECAD2973EFB50008F372 /* Emulator */,
				70D21AA32973EC2800089719 /* AppDelegate.swift */,
				70D21AA52973EC2800089719 /* GameScene.sks */,
				70D21AA72973EC2800089719 /* Actions.sks */,
				70D21AA92973EC2800089719 /* GameScene.swift */,
				70D21AAB2973EC2800089719 /* ViewController.swift */,
				70D21AAD2973EC2800089719 /* Assets.xcassets */,
				70D21AAF2973EC2800089719 /* Main.storyboard */,
				70D21AB22973EC2800089719 /* GameBoyEmulatorSeniorProject.entitlements */,
			);
			path = GameBoyEmulatorSeniorProject;
			sourceTree = "<group>";
		};
		70D21ABA2973EC2800089719 /* GameBoyEmulatorSeniorProjectTests */ = {
			isa = PBXGroup;
			children = (
				70D21ABB2973EC2800089719 /* GameBoyEmulatorSeniorProjectTests.swift */,
			);
			path = GameBoyEmulatorSeniorProjectTests;
			sourceTree = "<group>";
		};
		70D21AC42973EC2800089719 /* GameBoyEmulatorSeniorProjectUITests */ = {
			isa = PBXGroup;
			children = (
				70D21AC52973EC2800089719 /* GameBoyEmulatorSeniorProjectUITests.swift */,
				70D21AC72973EC2800089719 /* GameBoyEmulatorSeniorProjectUITestsLaunchTests.swift */,
			);
			path = GameBoyEmulatorSeniorProjectUITests;
			sourceTree = "<group>";
		};
/* End PBXGroup section */

/* Begin PBXNativeTarget section */
		70D21A9F2973EC2800089719 /* GameBoyEmulatorSeniorProject */ = {
			isa = PBXNativeTarget;
			buildConfigurationList = 70D21ACB2973EC2800089719 /* Build configuration list for PBXNativeTarget "GameBoyEmulatorSeniorProject" */;
			buildPhases = (
				70D21A9C2973EC2800089719 /* Sources */,
				70D21A9D2973EC2800089719 /* Frameworks */,
				70D21A9E2973EC2800089719 /* Resources */,
			);
			buildRules = (
			);
			dependencies = (
			);
			name = GameBoyEmulatorSeniorProject;
			productName = GameBoyEmulatorSeniorProject;
			productReference = 70D21AA02973EC2800089719 /* GameBoyEmulatorSeniorProject.app */;
			productType = "com.apple.product-type.application";
		};
		70D21AB62973EC2800089719 /* GameBoyEmulatorSeniorProjectTests */ = {
			isa = PBXNativeTarget;
			buildConfigurationList = 70D21ACE2973EC2800089719 /* Build configuration list for PBXNativeTarget "GameBoyEmulatorSeniorProjectTests" */;
			buildPhases = (
				70D21AB32973EC2800089719 /* Sources */,
				70D21AB42973EC2800089719 /* Frameworks */,
				70D21AB52973EC2800089719 /* Resources */,
			);
			buildRules = (
			);
			dependencies = (
				70D21AB92973EC2800089719 /* PBXTargetDependency */,
			);
			name = GameBoyEmulatorSeniorProjectTests;
			productName = GameBoyEmulatorSeniorProjectTests;
			productReference = 70D21AB72973EC2800089719 /* GameBoyEmulatorSeniorProjectTests.xctest */;
			productType = "com.apple.product-type.bundle.unit-test";
		};
		70D21AC02973EC2800089719 /* GameBoyEmulatorSeniorProjectUITests */ = {
			isa = PBXNativeTarget;
			buildConfigurationList = 70D21AD12973EC2800089719 /* Build configuration list for PBXNativeTarget "GameBoyEmulatorSeniorProjectUITests" */;
			buildPhases = (
				70D21ABD2973EC2800089719 /* Sources */,
				70D21ABE2973EC2800089719 /* Frameworks */,
				70D21ABF2973EC2800089719 /* Resources */,
			);
			buildRules = (
			);
			dependencies = (
				70D21AC32973EC2800089719 /* PBXTargetDependency */,
			);
			name = GameBoyEmulatorSeniorProjectUITests;
			productName = GameBoyEmulatorSeniorProjectUITests;
			productReference = 70D21AC12973EC2800089719 /* GameBoyEmulatorSeniorProjectUITests.xctest */;
			productType = "com.apple.product-type.bundle.ui-testing";
		};
/* End PBXNativeTarget section */

/* Begin PBXProject section */
		70D21A982973EC2800089719 /* Project object */ = {
			isa = PBXProject;
			attributes = {
				BuildIndependentTargetsInParallel = 1;
				LastSwiftUpdateCheck = 1340;
				LastUpgradeCheck = 1420;
				TargetAttributes = {
					70D21A9F2973EC2800089719 = {
						CreatedOnToolsVersion = 13.4.1;
					};
					70D21AB62973EC2800089719 = {
						CreatedOnToolsVersion = 13.4.1;
						TestTargetID = 70D21A9F2973EC2800089719;
					};
					70D21AC02973EC2800089719 = {
						CreatedOnToolsVersion = 13.4.1;
						TestTargetID = 70D21A9F2973EC2800089719;
					};
				};
			};
			buildConfigurationList = 70D21A9B2973EC2800089719 /* Build configuration list for PBXProject "GameBoyEmulatorSeniorProject" */;
			compatibilityVersion = "Xcode 13.0";
			developmentRegion = en;
			hasScannedForEncodings = 0;
			knownRegions = (
				en,
				Base,
			);
			mainGroup = 70D21A972973EC2800089719;
			productRefGroup = 70D21AA12973EC2800089719 /* Products */;
			projectDirPath = "";
			projectRoot = "";
			targets = (
				70D21A9F2973EC2800089719 /* GameBoyEmulatorSeniorProject */,
				70D21AB62973EC2800089719 /* GameBoyEmulatorSeniorProjectTests */,
				70D21AC02973EC2800089719 /* GameBoyEmulatorSeniorProjectUITests */,
			);
		};
/* End PBXProject section */

/* Begin PBXResourcesBuildPhase section */
		70D21A9E2973EC2800089719 /* Resources */ = {
			isa = PBXResourcesBuildPhase;
			buildActionMask = 2147483647;
			files = (
				70597C2129A46FD10021DFBB /* Scraps.rtf in Resources */,
				70D21AA62973EC2800089719 /* GameScene.sks in Resources */,
				70D21AAE2973EC2800089719 /* Assets.xcassets in Resources */,
				70D21AA82973EC2800089719 /* Actions.sks in Resources */,
				70D21AB12973EC2800089719 /* Main.storyboard in Resources */,
			);
			runOnlyForDeploymentPostprocessing = 0;
		};
		70D21AB52973EC2800089719 /* Resources */ = {
			isa = PBXResourcesBuildPhase;
			buildActionMask = 2147483647;
			files = (
			);
			runOnlyForDeploymentPostprocessing = 0;
		};
		70D21ABF2973EC2800089719 /* Resources */ = {
			isa = PBXResourcesBuildPhase;
			buildActionMask = 2147483647;
			files = (
			);
			runOnlyForDeploymentPostprocessing = 0;
		};
/* End PBXResourcesBuildPhase section */

/* Begin PBXSourcesBuildPhase section */
		70D21A9C2973EC2800089719 /* Sources */ = {
			isa = PBXSourcesBuildPhase;
			buildActionMask = 2147483647;
			files = (
				70D21AAC2973EC2800089719 /* ViewController.swift in Sources */,
				70D21AAA2973EC2800089719 /* GameScene.swift in Sources */,
				70B8ECBE2973EFB50008F372 /* CPU.swift in Sources */,
				70B8ECBD2973EFB50008F372 /* Emulator.swift in Sources */,
				70D21AA42973EC2800089719 /* AppDelegate.swift in Sources */,
				70B8ECBA2973EFB50008F372 /* Instructions.swift in Sources */,
				70B8ECBC2973EFB50008F372 /* Bus.swift in Sources */,
				70B8ECB92973EFB50008F372 /* Cartridge.swift in Sources */,
			);
			runOnlyForDeploymentPostprocessing = 0;
		};
		70D21AB32973EC2800089719 /* Sources */ = {
			isa = PBXSourcesBuildPhase;
			buildActionMask = 2147483647;
			files = (
				70D21ABC2973EC2800089719 /* GameBoyEmulatorSeniorProjectTests.swift in Sources */,
			);
			runOnlyForDeploymentPostprocessing = 0;
		};
		70D21ABD2973EC2800089719 /* Sources */ = {
			isa = PBXSourcesBuildPhase;
			buildActionMask = 2147483647;
			files = (
				70D21AC82973EC2800089719 /* GameBoyEmulatorSeniorProjectUITestsLaunchTests.swift in Sources */,
				70D21AC62973EC2800089719 /* GameBoyEmulatorSeniorProjectUITests.swift in Sources */,
			);
			runOnlyForDeploymentPostprocessing = 0;
		};
/* End PBXSourcesBuildPhase section */

/* Begin PBXTargetDependency section */
		70D21AB92973EC2800089719 /* PBXTargetDependency */ = {
			isa = PBXTargetDependency;
			target = 70D21A9F2973EC2800089719 /* GameBoyEmulatorSeniorProject */;
			targetProxy = 70D21AB82973EC2800089719 /* PBXContainerItemProxy */;
		};
		70D21AC32973EC2800089719 /* PBXTargetDependency */ = {
			isa = PBXTargetDependency;
			target = 70D21A9F2973EC2800089719 /* GameBoyEmulatorSeniorProject */;
			targetProxy = 70D21AC22973EC2800089719 /* PBXContainerItemProxy */;
		};
/* End PBXTargetDependency section */

/* Begin PBXVariantGroup section */
		70D21AAF2973EC2800089719 /* Main.storyboard */ = {
			isa = PBXVariantGroup;
			children = (
				70D21AB02973EC2800089719 /* Base */,
			);
			name = Main.storyboard;
			sourceTree = "<group>";
		};
/* End PBXVariantGroup section */

/* Begin XCBuildConfiguration section */
		70D21AC92973EC2800089719 /* Debug */ = {
			isa = XCBuildConfiguration;
			buildSettings = {
				ALWAYS_SEARCH_USER_PATHS = NO;
				CLANG_ANALYZER_NONNULL = YES;
				CLANG_ANALYZER_NUMBER_OBJECT_CONVERSION = YES_AGGRESSIVE;
				CLANG_CXX_LANGUAGE_STANDARD = "gnu++17";
				CLANG_ENABLE_MODULES = YES;
				CLANG_ENABLE_OBJC_ARC = YES;
				CLANG_ENABLE_OBJC_WEAK = YES;
				CLANG_WARN_BLOCK_CAPTURE_AUTORELEASING = YES;
				CLANG_WARN_BOOL_CONVERSION = YES;
				CLANG_WARN_COMMA = YES;
				CLANG_WARN_CONSTANT_CONVERSION = YES;
				CLANG_WARN_DEPRECATED_OBJC_IMPLEMENTATIONS = YES;
				CLANG_WARN_DIRECT_OBJC_ISA_USAGE = YES_ERROR;
				CLANG_WARN_DOCUMENTATION_COMMENTS = YES;
				CLANG_WARN_EMPTY_BODY = YES;
				CLANG_WARN_ENUM_CONVERSION = YES;
				CLANG_WARN_INFINITE_RECURSION = YES;
				CLANG_WARN_INT_CONVERSION = YES;
				CLANG_WARN_NON_LITERAL_NULL_CONVERSION = YES;
				CLANG_WARN_OBJC_IMPLICIT_RETAIN_SELF = YES;
				CLANG_WARN_OBJC_LITERAL_CONVERSION = YES;
				CLANG_WARN_OBJC_ROOT_CLASS = YES_ERROR;
				CLANG_WARN_QUOTED_INCLUDE_IN_FRAMEWORK_HEADER = YES;
				CLANG_WARN_RANGE_LOOP_ANALYSIS = YES;
				CLANG_WARN_STRICT_PROTOTYPES = YES;
				CLANG_WARN_SUSPICIOUS_MOVE = YES;
				CLANG_WARN_UNGUARDED_AVAILABILITY = YES_AGGRESSIVE;
				CLANG_WARN_UNREACHABLE_CODE = YES;
				CLANG_WARN__DUPLICATE_METHOD_MATCH = YES;
				COPY_PHASE_STRIP = NO;
				DEAD_CODE_STRIPPING = YES;
				DEBUG_INFORMATION_FORMAT = dwarf;
				ENABLE_STRICT_OBJC_MSGSEND = YES;
				ENABLE_TESTABILITY = YES;
				GCC_C_LANGUAGE_STANDARD = gnu11;
				GCC_DYNAMIC_NO_PIC = NO;
				GCC_NO_COMMON_BLOCKS = YES;
				GCC_OPTIMIZATION_LEVEL = 0;
				GCC_PREPROCESSOR_DEFINITIONS = (
					"DEBUG=1",
					"$(inherited)",
				);
				GCC_WARN_64_TO_32_BIT_CONVERSION = YES;
				GCC_WARN_ABOUT_RETURN_TYPE = YES_ERROR;
				GCC_WARN_UNDECLARED_SELECTOR = YES;
				GCC_WARN_UNINITIALIZED_AUTOS = YES_AGGRESSIVE;
				GCC_WARN_UNUSED_FUNCTION = YES;
				GCC_WARN_UNUSED_VARIABLE = YES;
				MACOSX_DEPLOYMENT_TARGET = 12.3;
				MTL_ENABLE_DEBUG_INFO = INCLUDE_SOURCE;
				MTL_FAST_MATH = YES;
				ONLY_ACTIVE_ARCH = YES;
				SDKROOT = macosx;
				SWIFT_ACTIVE_COMPILATION_CONDITIONS = DEBUG;
				SWIFT_OPTIMIZATION_LEVEL = "-Onone";
			};
			name = Debug;
		};
		70D21ACA2973EC2800089719 /* Release */ = {
			isa = XCBuildConfiguration;
			buildSettings = {
				ALWAYS_SEARCH_USER_PATHS = NO;
				CLANG_ANALYZER_NONNULL = YES;
				CLANG_ANALYZER_NUMBER_OBJECT_CONVERSION = YES_AGGRESSIVE;
				CLANG_CXX_LANGUAGE_STANDARD = "gnu++17";
				CLANG_ENABLE_MODULES = YES;
				CLANG_ENABLE_OBJC_ARC = YES;
				CLANG_ENABLE_OBJC_WEAK = YES;
				CLANG_WARN_BLOCK_CAPTURE_AUTORELEASING = YES;
				CLANG_WARN_BOOL_CONVERSION = YES;
				CLANG_WARN_COMMA = YES;
				CLANG_WARN_CONSTANT_CONVERSION = YES;
				CLANG_WARN_DEPRECATED_OBJC_IMPLEMENTATIONS = YES;
				CLANG_WARN_DIRECT_OBJC_ISA_USAGE = YES_ERROR;
				CLANG_WARN_DOCUMENTATION_COMMENTS = YES;
				CLANG_WARN_EMPTY_BODY = YES;
				CLANG_WARN_ENUM_CONVERSION = YES;
				CLANG_WARN_INFINITE_RECURSION = YES;
				CLANG_WARN_INT_CONVERSION = YES;
				CLANG_WARN_NON_LITERAL_NULL_CONVERSION = YES;
				CLANG_WARN_OBJC_IMPLICIT_RETAIN_SELF = YES;
				CLANG_WARN_OBJC_LITERAL_CONVERSION = YES;
				CLANG_WARN_OBJC_ROOT_CLASS = YES_ERROR;
				CLANG_WARN_QUOTED_INCLUDE_IN_FRAMEWORK_HEADER = YES;
				CLANG_WARN_RANGE_LOOP_ANALYSIS = YES;
				CLANG_WARN_STRICT_PROTOTYPES = YES;
				CLANG_WARN_SUSPICIOUS_MOVE = YES;
				CLANG_WARN_UNGUARDED_AVAILABILITY = YES_AGGRESSIVE;
				CLANG_WARN_UNREACHABLE_CODE = YES;
				CLANG_WARN__DUPLICATE_METHOD_MATCH = YES;
				COPY_PHASE_STRIP = NO;
				DEAD_CODE_STRIPPING = YES;
				DEBUG_INFORMATION_FORMAT = "dwarf-with-dsym";
				ENABLE_NS_ASSERTIONS = NO;
				ENABLE_STRICT_OBJC_MSGSEND = YES;
				GCC_C_LANGUAGE_STANDARD = gnu11;
				GCC_NO_COMMON_BLOCKS = YES;
				GCC_WARN_64_TO_32_BIT_CONVERSION = YES;
				GCC_WARN_ABOUT_RETURN_TYPE = YES_ERROR;
				GCC_WARN_UNDECLARED_SELECTOR = YES;
				GCC_WARN_UNINITIALIZED_AUTOS = YES_AGGRESSIVE;
				GCC_WARN_UNUSED_FUNCTION = YES;
				GCC_WARN_UNUSED_VARIABLE = YES;
				MACOSX_DEPLOYMENT_TARGET = 12.3;
				MTL_ENABLE_DEBUG_INFO = NO;
				MTL_FAST_MATH = YES;
				SDKROOT = macosx;
				SWIFT_COMPILATION_MODE = wholemodule;
				SWIFT_OPTIMIZATION_LEVEL = "-O";
			};
			name = Release;
		};
		70D21ACC2973EC2800089719 /* Debug */ = {
			isa = XCBuildConfiguration;
			buildSettings = {
				ASSETCATALOG_COMPILER_APPICON_NAME = AppIcon;
				ASSETCATALOG_COMPILER_GLOBAL_ACCENT_COLOR_NAME = AccentColor;
				CODE_SIGN_ENTITLEMENTS = GameBoyEmulatorSeniorProject/GameBoyEmulatorSeniorProject.entitlements;
				CODE_SIGN_IDENTITY = "-";
				CODE_SIGN_STYLE = Automatic;
				COMBINE_HIDPI_IMAGES = YES;
				CURRENT_PROJECT_VERSION = 1;
				DEAD_CODE_STRIPPING = YES;
				DEVELOPMENT_TEAM = 565LJJWFPG;
				ENABLE_HARDENED_RUNTIME = YES;
				GENERATE_INFOPLIST_FILE = YES;
				INFOPLIST_KEY_NSHumanReadableCopyright = "";
				INFOPLIST_KEY_NSMainStoryboardFile = Main;
				INFOPLIST_KEY_NSPrincipalClass = NSApplication;
				LD_RUNPATH_SEARCH_PATHS = (
					"$(inherited)",
					"@executable_path/../Frameworks",
				);
				MARKETING_VERSION = 1.0;
				PRODUCT_BUNDLE_IDENTIFIER = frank.GameBoyEmulatorSeniorProject;
				PRODUCT_NAME = "$(TARGET_NAME)";
				SWIFT_EMIT_LOC_STRINGS = YES;
				SWIFT_OBJC_BRIDGING_HEADER = "GameBoyEmulatorSeniorProject/Emulator/GameBoyEmulator-Bridging-Header.h";
				SWIFT_PRECOMPILE_BRIDGING_HEADER = YES;
				SWIFT_VERSION = 5.0;
			};
			name = Debug;
		};
		70D21ACD2973EC2800089719 /* Release */ = {
			isa = XCBuildConfiguration;
			buildSettings = {
				ASSETCATALOG_COMPILER_APPICON_NAME = AppIcon;
				ASSETCATALOG_COMPILER_GLOBAL_ACCENT_COLOR_NAME = AccentColor;
				CODE_SIGN_ENTITLEMENTS = GameBoyEmulatorSeniorProject/GameBoyEmulatorSeniorProject.entitlements;
				CODE_SIGN_IDENTITY = "-";
				CODE_SIGN_STYLE = Automatic;
				COMBINE_HIDPI_IMAGES = YES;
				CURRENT_PROJECT_VERSION = 1;
				DEAD_CODE_STRIPPING = YES;
				DEVELOPMENT_TEAM = 565LJJWFPG;
				ENABLE_HARDENED_RUNTIME = YES;
				GENERATE_INFOPLIST_FILE = YES;
				INFOPLIST_KEY_NSHumanReadableCopyright = "";
				INFOPLIST_KEY_NSMainStoryboardFile = Main;
				INFOPLIST_KEY_NSPrincipalClass = NSApplication;
				LD_RUNPATH_SEARCH_PATHS = (
					"$(inherited)",
					"@executable_path/../Frameworks",
				);
				MARKETING_VERSION = 1.0;
				PRODUCT_BUNDLE_IDENTIFIER = frank.GameBoyEmulatorSeniorProject;
				PRODUCT_NAME = "$(TARGET_NAME)";
				SWIFT_EMIT_LOC_STRINGS = YES;
				SWIFT_OBJC_BRIDGING_HEADER = "GameBoyEmulatorSeniorProject/Emulator/GameBoyEmulator-Bridging-Header.h";
				SWIFT_PRECOMPILE_BRIDGING_HEADER = YES;
				SWIFT_VERSION = 5.0;
			};
			name = Release;
		};
		70D21ACF2973EC2800089719 /* Debug */ = {
			isa = XCBuildConfiguration;
			buildSettings = {
				ALWAYS_EMBED_SWIFT_STANDARD_LIBRARIES = YES;
				BUNDLE_LOADER = "$(TEST_HOST)";
				CODE_SIGN_STYLE = Automatic;
				CURRENT_PROJECT_VERSION = 1;
				DEAD_CODE_STRIPPING = YES;
				DEVELOPMENT_TEAM = 565LJJWFPG;
				GENERATE_INFOPLIST_FILE = YES;
				MACOSX_DEPLOYMENT_TARGET = 12.3;
				MARKETING_VERSION = 1.0;
				PRODUCT_BUNDLE_IDENTIFIER = frank.GameBoyEmulatorSeniorProjectTests;
				PRODUCT_NAME = "$(TARGET_NAME)";
				SWIFT_EMIT_LOC_STRINGS = NO;
				SWIFT_VERSION = 5.0;
				TEST_HOST = "$(BUILT_PRODUCTS_DIR)/GameBoyEmulatorSeniorProject.app/Contents/MacOS/GameBoyEmulatorSeniorProject";
			};
			name = Debug;
		};
		70D21AD02973EC2800089719 /* Release */ = {
			isa = XCBuildConfiguration;
			buildSettings = {
				ALWAYS_EMBED_SWIFT_STANDARD_LIBRARIES = YES;
				BUNDLE_LOADER = "$(TEST_HOST)";
				CODE_SIGN_STYLE = Automatic;
				CURRENT_PROJECT_VERSION = 1;
				DEAD_CODE_STRIPPING = YES;
				DEVELOPMENT_TEAM = 565LJJWFPG;
				GENERATE_INFOPLIST_FILE = YES;
				MACOSX_DEPLOYMENT_TARGET = 12.3;
				MARKETING_VERSION = 1.0;
				PRODUCT_BUNDLE_IDENTIFIER = frank.GameBoyEmulatorSeniorProjectTests;
				PRODUCT_NAME = "$(TARGET_NAME)";
				SWIFT_EMIT_LOC_STRINGS = NO;
				SWIFT_VERSION = 5.0;
				TEST_HOST = "$(BUILT_PRODUCTS_DIR)/GameBoyEmulatorSeniorProject.app/Contents/MacOS/GameBoyEmulatorSeniorProject";
			};
			name = Release;
		};
		70D21AD22973EC2800089719 /* Debug */ = {
			isa = XCBuildConfiguration;
			buildSettings = {
				ALWAYS_EMBED_SWIFT_STANDARD_LIBRARIES = YES;
				CODE_SIGN_STYLE = Automatic;
				CURRENT_PROJECT_VERSION = 1;
				DEAD_CODE_STRIPPING = YES;
				DEVELOPMENT_TEAM = 565LJJWFPG;
				GENERATE_INFOPLIST_FILE = YES;
				MARKETING_VERSION = 1.0;
				PRODUCT_BUNDLE_IDENTIFIER = frank.GameBoyEmulatorSeniorProjectUITests;
				PRODUCT_NAME = "$(TARGET_NAME)";
				SWIFT_EMIT_LOC_STRINGS = NO;
				SWIFT_VERSION = 5.0;
				TEST_TARGET_NAME = GameBoyEmulatorSeniorProject;
			};
			name = Debug;
		};
		70D21AD32973EC2800089719 /* Release */ = {
			isa = XCBuildConfiguration;
			buildSettings = {
				ALWAYS_EMBED_SWIFT_STANDARD_LIBRARIES = YES;
				CODE_SIGN_STYLE = Automatic;
				CURRENT_PROJECT_VERSION = 1;
				DEAD_CODE_STRIPPING = YES;
				DEVELOPMENT_TEAM = 565LJJWFPG;
				GENERATE_INFOPLIST_FILE = YES;
				MARKETING_VERSION = 1.0;
				PRODUCT_BUNDLE_IDENTIFIER = frank.GameBoyEmulatorSeniorProjectUITests;
				PRODUCT_NAME = "$(TARGET_NAME)";
				SWIFT_EMIT_LOC_STRINGS = NO;
				SWIFT_VERSION = 5.0;
				TEST_TARGET_NAME = GameBoyEmulatorSeniorProject;
			};
			name = Release;
		};
/* End XCBuildConfiguration section */

/* Begin XCConfigurationList section */
		70D21A9B2973EC2800089719 /* Build configuration list for PBXProject "GameBoyEmulatorSeniorProject" */ = {
			isa = XCConfigurationList;
			buildConfigurations = (
				70D21AC92973EC2800089719 /* Debug */,
				70D21ACA2973EC2800089719 /* Release */,
			);
			defaultConfigurationIsVisible = 0;
			defaultConfigurationName = Release;
		};
		70D21ACB2973EC2800089719 /* Build configuration list for PBXNativeTarget "GameBoyEmulatorSeniorProject" */ = {
			isa = XCConfigurationList;
			buildConfigurations = (
				70D21ACC2973EC2800089719 /* Debug */,
				70D21ACD2973EC2800089719 /* Release */,
			);
			defaultConfigurationIsVisible = 0;
			defaultConfigurationName = Release;
		};
		70D21ACE2973EC2800089719 /* Build configuration list for PBXNativeTarget "GameBoyEmulatorSeniorProjectTests" */ = {
			isa = XCConfigurationList;
			buildConfigurations = (
				70D21ACF2973EC2800089719 /* Debug */,
				70D21AD02973EC2800089719 /* Release */,
			);
			defaultConfigurationIsVisible = 0;
			defaultConfigurationName = Release;
		};
		70D21AD12973EC2800089719 /* Build configuration list for PBXNativeTarget "GameBoyEmulatorSeniorProjectUITests" */ = {
			isa = XCConfigurationList;
			buildConfigurations = (
				70D21AD22973EC2800089719 /* Debug */,
				70D21AD32973EC2800089719 /* Release */,
			);
			defaultConfigurationIsVisible = 0;
			defaultConfigurationName = Release;
		};
/* End XCConfigurationList section */
	};
	rootObject = 70D21A982973EC2800089719 /* Project object */;
}
